
Microsoft Visual Studio Solution File, Format Version 12.00
# Visual Studio Version 16
VisualStudioVersion = 16.0.30804.86
MinimumVisualStudioVersion = 10.0.40219.1
Project("{FAE04EC0-301F-11D3-BF4B-00C04F79EFBC}") = "CreateDatabase.DAL", "CreateDatabase\CreateDatabase.DAL.csproj", "{170533FD-CDEA-42E1-B18F-7207924B2698}"
EndProject
Project("{FAE04EC0-301F-11D3-BF4B-00C04F79EFBC}") = "DataBaseCommander", "DataBaseCommander\DataBaseCommander.csproj", "{4817D766-0BC3-4401-8F9C-3C24D9AB94F8}"
EndProject
Global
	GlobalSection(SolutionConfigurationPlatforms) = preSolution
		Debug|Any CPU = Debug|Any CPU
		Release|Any CPU = Release|Any CPU
	EndGlobalSection
	GlobalSection(ProjectConfigurationPlatforms) = postSolution
		{170533FD-CDEA-42E1-B18F-7207924B2698}.Debug|Any CPU.ActiveCfg = Debug|Any CPU
		{170533FD-CDEA-42E1-B18F-7207924B2698}.Debug|Any CPU.Build.0 = Debug|Any CPU
		{170533FD-CDEA-42E1-B18F-7207924B2698}.Release|Any CPU.ActiveCfg = Release|Any CPU
		{170533FD-CDEA-42E1-B18F-7207924B2698}.Release|Any CPU.Build.0 = Release|Any CPU
		{4817D766-0BC3-4401-8F9C-3C24D9AB94F8}.Debug|Any CPU.ActiveCfg = Debug|Any CPU
		{4817D766-0BC3-4401-8F9C-3C24D9AB94F8}.Debug|Any CPU.Build.0 = Debug|Any CPU
		{4817D766-0BC3-4401-8F9C-3C24D9AB94F8}.Release|Any CPU.ActiveCfg = Release|Any CPU
		{4817D766-0BC3-4401-8F9C-3C24D9AB94F8}.Release|Any CPU.Build.0 = Release|Any CPU
	EndGlobalSection
	GlobalSection(SolutionProperties) = preSolution
		HideSolutionNode = FALSE
	EndGlobalSection
	GlobalSection(ExtensibilityGlobals) = postSolution
		SolutionGuid = {409E881F-DA59-4824-9583-06A53937058C}
	EndGlobalSection
EndGlobal
